{
  "name": "behemoth-dashboard",
  "version": "0.0.1",
  "lockfileVersion": 3,
  "requires": true,
  "packages": {
    "": {
      "name": "behemoth-dashboard",
      "version": "0.0.1",
      "dependencies": {
        "@radix-ui/react-checkbox": "^1.3.3",
        "@radix-ui/react-dialog": "^1.1.15",
        "@radix-ui/react-dropdown-menu": "^2.1.16",
        "@radix-ui/react-popover": "^1.1.15",
        "@radix-ui/react-select": "^2.2.6",
        "@radix-ui/react-separator": "^1.1.8",
        "@radix-ui/react-slot": "^1.2.4",
        "@radix-ui/react-tooltip": "^1.2.8",
        "@tanstack/react-query": "^5.60.0",
        "@tanstack/react-table": "^8.20.0",
        "clsx": "^2.1.0",
        "cmdk": "^1.0.0",
        "date-fns": "^4.0.0",
        "lucide-react": "^0.577.0",
        "nuqs": "^2.0.0",
        "react": "^19.0.0",
        "react-dom": "^19.0.0",
        "react-router": "^7.0.0",
        "recharts": "^2.14.0",
        "tailwind-merge": "^2.6.0",
        "zod": "^3.23.0"
      },
      "devDependencies": {
        "@tailwindcss/vite": "^4.0.0",
        "@types/react": "^19.0.0",
        "@types/react-dom": "^19.0.0",
        "@vitejs/plugin-react": "^4.3.0",
        "tailwindcss": "^4.0.0",
        "typescript": "^5.7.0",
        "vite": "^6.0.0"
      }
    },
    "../../node_modules/.pnpm/@radix-ui+react-checkbox@1.3.3_@types+react-dom@19.2.3_@types+react@19.2.14__@types+react@19._aum5rpydhlvj7moiq56s2hz3nu/node_modules/@radix-ui/react-checkbox": {
      "version": "1.3.3",
      "license": "MIT",
      "dependencies": {
        "@radix-ui/primitive": "1.1.3",
        "@radix-ui/react-compose-refs": "1.1.2",
        "@radix-ui/react-context": "1.1.2",
        "@radix-ui/react-presence": "1.1.5",
        "@radix-ui/react-primitive": "2.1.3",
        "@radix-ui/react-use-controllable-state": "1.2.2",
        "@radix-ui/react-use-previous": "1.1.1",
        "@radix-ui/react-use-size": "1.1.1"
      },
      "devDependencies": {
        "@repo/builder": "0.0.0",
        "@repo/eslint-config": "0.0.0",
        "@repo/typescript-config": "0.0.0",
        "@types/react": "^19.0.7",
        "@types/react-dom": "^19.0.3",
        "eslint": "^9.18.0",
        "react": "^19.1.0",
        "react-dom": "^19.1.0",
        "typescript": "^5.7.3"
      },
      "peerDependencies": {
        "@types/react": "*",
        "@types/react-dom": "*",
        "react": "^16.8 || ^17.0 || ^18.0 || ^19.0 || ^19.0.0-rc",
        "react-dom": "^16.8 || ^17.0 || ^18.0 || ^19.0 || ^19.0.0-rc"
      },
      "peerDependenciesMeta": {
        "@types/react": {
          "optional": true
        },
        "@types/react-dom": {
          "optional": true
        }
      }
    },
    "../../node_modules/.pnpm/@radix-ui+react-dialog@1.1.15_@types+react-dom@19.2.3_@types+react@19.2.14__@types+react@19.2_pgsc3zoflmqylo7gtpmb22hihi/node_modules/@radix-ui/react-dialog": {
      "version": "1.1.15",
      "license": "MIT",
      "dependencies": {
        "@radix-ui/primitive": "1.1.3",
        "@radix-ui/react-compose-refs": "1.1.2",
        "@radix-ui/react-context": "1.1.2",
        "@radix-ui/react-dismissable-layer": "1.1.11",
        "@radix-ui/react-focus-guards": "1.1.3",
        "@radix-ui/react-focus-scope": "1.1.7",
        "@radix-ui/react-id": "1.1.1",
        "@radix-ui/react-portal": "1.1.9",
        "@radix-ui/react-presence": "1.1.5",
        "@radix-ui/react-primitive": "2.1.3",
        "@radix-ui/react-slot": "1.2.3",
        "@radix-ui/react-use-controllable-state": "1.2.2",
        "aria-hidden": "^1.2.4",
        "react-remove-scroll": "^2.6.3"
      },
      "devDependencies": {
        "@repo/builder": "0.0.0",
        "@repo/eslint-config": "0.0.0",
        "@repo/typescript-config": "0.0.0",
        "@types/react": "^19.0.7",
        "@types/react-dom": "^19.0.3",
        "eslint": "^9.18.0",
        "react": "^19.1.0",
        "react-dom": "^19.1.0",
        "typescript": "^5.7.3"
      },
      "peerDependencies": {
        "@types/react": "*",
        "@types/react-dom": "*",
        "react": "^16.8 || ^17.0 || ^18.0 || ^19.0 || ^19.0.0-rc",
        "react-dom": "^16.8 || ^17.0 || ^18.0 || ^19.0 || ^19.0.0-rc"
      },
      "peerDependenciesMeta": {
        "@types/react": {
          "optional": true
        },
        "@types/react-dom": {
          "optional": true
        }
      }
    },
    "../../node_modules/.pnpm/@radix-ui+react-dropdown-menu@2.1.16_@types+react-dom@19.2.3_@types+react@19.2.14__@types+rea_a74ndzomfk63uy27aimpelwkhe/node_modules/@radix-ui/react-dropdown-menu": {
      "version": "2.1.16",
      "license": "MIT",
      "dependencies": {
        "@radix-ui/primitive": "1.1.3",
        "@radix-ui/react-compose-refs": "1.1.2",
        "@radix-ui/react-context": "1.1.2",
        "@radix-ui/react-id": "1.1.1",
        "@radix-ui/react-menu": "2.1.16",
        "@radix-ui/react-primitive": "2.1.3",
        "@radix-ui/react-use-controllable-state": "1.2.2"
      },
      "devDependencies": {
        "@repo/builder": "0.0.0",
        "@repo/eslint-config": "0.0.0",
        "@repo/test-data": "0.0.0",
        "@repo/typescript-config": "0.0.0",
        "@types/react": "^19.0.7",
        "@types/react-dom": "^19.0.3",
        "eslint": "^9.18.0",
        "react": "^19.1.0",
        "react-dom": "^19.1.0",
        "typescript": "^5.7.3"
      },
      "peerDependencies": {
        "@types/react": "*",
        "@types/react-dom": "*",
        "react": "^16.8 || ^17.0 || ^18.0 || ^19.0 || ^19.0.0-rc",
        "react-dom": "^16.8 || ^17.0 || ^18.0 || ^19.0 || ^19.0.0-rc"
      },
      "peerDependenciesMeta": {
        "@types/react": {
          "optional": true
        },
        "@types/react-dom": {
          "optional": true
        }
      }
    },
    "../../node_modules/.pnpm/@radix-ui+react-popover@1.1.15_@types+react-dom@19.2.3_@types+react@19.2.14__@types+react@19._ewf4ywyp2lui3vsotmivefelci/node_modules/@radix-ui/react-popover": {
      "version": "1.1.15",
      "license": "MIT",
      "dependencies": {
        "@radix-ui/primitive": "1.1.3",
        "@radix-ui/react-compose-refs": "1.1.2",
        "@radix-ui/react-context": "1.1.2",
        "@radix-ui/react-dismissable-layer": "1.1.11",
        "@radix-ui/react-focus-guards": "1.1.3",
        "@radix-ui/react-focus-scope": "1.1.7",
        "@radix-ui/react-id": "1.1.1",
        "@radix-ui/react-popper": "1.2.8",
        "@radix-ui/react-portal": "1.1.9",
        "@radix-ui/react-presence": "1.1.5",
        "@radix-ui/react-primitive": "2.1.3",
        "@radix-ui/react-slot": "1.2.3",
        "@radix-ui/react-use-controllable-state": "1.2.2",
        "aria-hidden": "^1.2.4",
        "react-remove-scroll": "^2.6.3"
      },
      "devDependencies": {
        "@repo/builder": "0.0.0",
        "@repo/eslint-config": "0.0.0",
        "@repo/typescript-config": "0.0.0",
        "@types/react": "^19.0.7",
        "@types/react-dom": "^19.0.3",
        "eslint": "^9.18.0",
        "react": "^19.1.0",
        "react-dom": "^19.1.0",
        "typescript": "^5.7.3"
      },
      "peerDependencies": {
        "@types/react": "*",
        "@types/react-dom": "*",
        "react": "^16.8 || ^17.0 || ^18.0 || ^19.0 || ^19.0.0-rc",
        "react-dom": "^16.8 || ^17.0 || ^18.0 || ^19.0 || ^19.0.0-rc"
      },
      "peerDependenciesMeta": {
        "@types/react": {
          "optional": true
        },
        "@types/react-dom": {
          "optional": true
        }
      }
    },
    "../../node_modules/.pnpm/@radix-ui+react-select@2.2.6_@types+react-dom@19.2.3_@types+react@19.2.14__@types+react@19.2._yk2kwqoyrbgotax4mohvdf5u6i/node_modules/@radix-ui/react-select": {
      "version": "2.2.6",
      "license": "MIT",
      "dependencies": {
        "@radix-ui/number": "1.1.1",
        "@radix-ui/primitive": "1.1.3",
        "@radix-ui/react-collection": "1.1.7",
        "@radix-ui/react-compose-refs": "1.1.2",
        "@radix-ui/react-context": "1.1.2",
        "@radix-ui/react-direction": "1.1.1",
        "@radix-ui/react-dismissable-layer": "1.1.11",
        "@radix-ui/react-focus-guards": "1.1.3",
        "@radix-ui/react-focus-scope": "1.1.7",
        "@radix-ui/react-id": "1.1.1",
        "@radix-ui/react-popper": "1.2.8",
        "@radix-ui/react-portal": "1.1.9",
        "@radix-ui/react-primitive": "2.1.3",
        "@radix-ui/react-slot": "1.2.3",
        "@radix-ui/react-use-callback-ref": "1.1.1",
        "@radix-ui/react-use-controllable-state": "1.2.2",
        "@radix-ui/react-use-layout-effect": "1.1.1",
        "@radix-ui/react-use-previous": "1.1.1",
        "@radix-ui/react-visually-hidden": "1.2.3",
        "aria-hidden": "^1.2.4",
        "react-remove-scroll": "^2.6.3"
      },
      "devDependencies": {
        "@repo/builder": "0.0.0",
        "@repo/eslint-config": "0.0.0",
        "@repo/test-data": "0.0.0",
        "@repo/typescript-config": "0.0.0",
        "@types/react": "^19.0.7",
        "@types/react-dom": "^19.0.3",
        "eslint": "^9.18.0",
        "react": "^19.1.0",
        "react-dom": "^19.1.0",
        "typescript": "^5.7.3"
      },
      "peerDependencies": {
        "@types/react": "*",
        "@types/react-dom": "*",
        "react": "^16.8 || ^17.0 || ^18.0 || ^19.0 || ^19.0.0-rc",
        "react-dom": "^16.8 || ^17.0 || ^18.0 || ^19.0 || ^19.0.0-rc"
      },
      "peerDependenciesMeta": {
        "@types/react": {
          "optional": true
        },
        "@types/react-dom": {
          "optional": true
        }
      }
    },
    "../../node_modules/.pnpm/@radix-ui+react-separator@1.1.8_@types+react-dom@19.2.3_@types+react@19.2.14__@types+react@19_sl4zimw3kghzyqufg72uzwqxlu/node_modules/@radix-ui/react-separator": {
      "version": "1.1.8",
      "license": "MIT",
      "dependencies": {
        "@radix-ui/react-primitive": "2.1.4"
      },
      "devDependencies": {
        "@repo/builder": "0.0.0",
        "@repo/eslint-config": "0.0.0",
        "@repo/typescript-config": "0.0.0",
        "@types/react": "^19.2.2",
        "@types/react-dom": "^19.2.2",
        "eslint": "^9.38.0",
        "react": "^19.2.0",
        "react-dom": "^19.2.0",
        "typescript": "^5.9.3"
      },
      "peerDependencies": {
        "@types/react": "*",
        "@types/react-dom": "*",
        "react": "^16.8 || ^17.0 || ^18.0 || ^19.0 || ^19.0.0-rc",
        "react-dom": "^16.8 || ^17.0 || ^18.0 || ^19.0 || ^19.0.0-rc"
      },
      "peerDependenciesMeta": {
        "@types/react": {
          "optional": true
        },
        "@types/react-dom": {
          "optional": true
        }
      }
    },
    "../../node_modules/.pnpm/@radix-ui+react-slot@1.2.4_@types+react@19.2.14_react@19.2.4/node_modules/@radix-ui/react-slot": {
      "version": "1.2.4",
      "license": "MIT",
      "dependencies": {
        "@radix-ui/react-compose-refs": "1.1.2"
      },
      "devDependencies": {
        "@repo/builder": "0.0.0",
        "@repo/eslint-config": "0.0.0",
        "@repo/typescript-config": "0.0.0",
        "@types/react": "^19.2.2",
        "@types/react-dom": "^19.2.2",
        "eslint": "^9.38.0",
        "react": "^19.2.0",
        "react-dom": "^19.2.0",
        "typescript": "^5.9.3"
      },
      "peerDependencies": {
        "@types/react": "*",
        "react": "^16.8 || ^17.0 || ^18.0 || ^19.0 || ^19.0.0-rc"
      },
      "peerDependenciesMeta": {
        "@types/react": {
          "optional": true
        }
      }
    },
    "../../node_modules/.pnpm/@radix-ui+react-tooltip@1.2.8_@types+react-dom@19.2.3_@types+react@19.2.14__@types+react@19.2_epe5fhykm53ijss2cmfhetitdu/node_modules/@radix-ui/react-tooltip": {
      "version": "1.2.8",
      "license": "MIT",
      "dependencies": {
        "@radix-ui/primitive": "1.1.3",
        "@radix-ui/react-compose-refs": "1.1.2",
        "@radix-ui/react-context": "1.1.2",
        "@radix-ui/react-dismissable-layer": "1.1.11",
        "@radix-ui/react-id": "1.1.1",
        "@radix-ui/react-popper": "1.2.8",
        "@radix-ui/react-portal": "1.1.9",
        "@radix-ui/react-presence": "1.1.5",
        "@radix-ui/react-primitive": "2.1.3",
        "@radix-ui/react-slot": "1.2.3",
        "@radix-ui/react-use-controllable-state": "1.2.2",
        "@radix-ui/react-visually-hidden": "1.2.3"
      },
      "devDependencies": {
        "@repo/builder": "0.0.0",
        "@repo/eslint-config": "0.0.0",
        "@repo/typescript-config": "0.0.0",
        "@types/react": "^19.0.7",
        "@types/react-dom": "^19.0.3",
        "eslint": "^9.18.0",
        "react": "^19.1.0",
        "react-dom": "^19.1.0",
        "typescript": "^5.7.3"
      },
      "peerDependencies": {
        "@types/react": "*",
        "@types/react-dom": "*",
        "react": "^16.8 || ^17.0 || ^18.0 || ^19.0 || ^19.0.0-rc",
        "react-dom": "^16.8 || ^17.0 || ^18.0 || ^19.0 || ^19.0.0-rc"
      },
      "peerDependenciesMeta": {
        "@types/react": {
          "optional": true
        },
        "@types/react-dom": {
          "optional": true
        }
      }
    },
    "../../node_modules/.pnpm/@tailwindcss+vite@4.2.1_vite@6.4.1_@types+node@20.19.37_jiti@2.6.1_lightningcss@1.31.1_tsx@4.21.0_yaml@2.8.2_/node_modules/@tailwindcss/vite": {
      "version": "4.2.1",
      "dev": true,
      "license": "MIT",
      "dependencies": {
        "@tailwindcss/node": "4.2.1",
        "@tailwindcss/oxide": "4.2.1",
        "tailwindcss": "4.2.1"
      },
      "devDependencies": {
        "@types/node": "^20.19.0",
        "vite": "^7.3.1"
      },
      "peerDependencies": {
        "vite": "^5.2.0 || ^6 || ^7"
      }
    },
    "../../node_modules/.pnpm/@tanstack+react-query@5.90.21_react@19.2.4/node_modules/@tanstack/react-query": {
      "version": "5.90.21",
      "license": "MIT",
      "dependencies": {
        "@tanstack/query-core": "5.90.20"
      },
      "devDependencies": {
        "@tanstack/query-persist-client-core": "5.91.19",
        "@tanstack/query-test-utils": "0.0.0",
        "@testing-library/react": "^16.1.0",
        "@testing-library/react-render-stream": "^2.0.2",
        "@types/react": "^19.2.7",
        "@types/react-dom": "^19.2.3",
        "@vitejs/plugin-react": "^4.3.4",
        "cpy-cli": "^5.0.0",
        "npm-run-all2": "^5.0.0",
        "react": "^19.2.1",
        "react-dom": "^19.2.1",
        "react-error-boundary": "^4.1.2"
      },
      "funding": {
        "type": "github",
        "url": "https://github.com/sponsors/tannerlinsley"
      },
      "peerDependencies": {
        "react": "^18 || ^19"
      }
    },
    "../../node_modules/.pnpm/@tanstack+react-table@8.21.3_react-dom@19.2.4_react@19.2.4__react@19.2.4/node_modules/@tanstack/react-table": {
      "version": "8.21.3",
      "license": "MIT",
      "dependencies": {
        "@tanstack/table-core": "8.21.3"
      },
      "devDependencies": {
        "@types/react": "^18.3.3",
        "react": "^18.3.1"
      },
      "engines": {
        "node": ">=12"
      },
      "funding": {
        "type": "github",
        "url": "https://github.com/sponsors/tannerlinsley"
      },
      "peerDependencies": {
        "react": ">=16.8",
        "react-dom": ">=16.8"
      }
    },
    "../../node_modules/.pnpm/@types+react-dom@19.2.3_@types+react@19.2.14/node_modules/@types/react-dom": {
      "version": "19.2.3",
      "dev": true,
      "license": "MIT",
      "peerDependencies": {
        "@types/react": "^19.2.0"
      }
    },
    "../../node_modules/.pnpm/@types+react@19.2.14/node_modules/@types/react": {
      "version": "19.2.14",
      "dev": true,
      "license": "MIT",
      "dependencies": {
        "csstype": "^3.2.2"
      }
    },
    "../../node_modules/.pnpm/@vitejs+plugin-react@4.7.0_vite@6.4.1_@types+node@20.19.37_jiti@2.6.1_lightningcss@1.31.1_tsx@4.21.0_yaml@2.8.2_/node_modules/@vitejs/plugin-react": {
      "version": "4.7.0",
      "dev": true,
      "license": "MIT",
      "dependencies": {
        "@babel/core": "^7.28.0",
        "@babel/plugin-transform-react-jsx-self": "^7.27.1",
        "@babel/plugin-transform-react-jsx-source": "^7.27.1",
        "@rolldown/pluginutils": "1.0.0-beta.27",
        "@types/babel__core": "^7.20.5",
        "react-refresh": "^0.17.0"
      },
      "devDependencies": {
        "@vitejs/react-common": "workspace:*",
        "babel-plugin-react-compiler": "19.1.0-rc.2",
        "react": "^19.1.0",
        "react-dom": "^19.1.0",
        "rolldown": "1.0.0-beta.27",
        "tsdown": "^0.12.9",
        "vitest": "^3.2.4"
      },
      "engines": {
        "node": "^14.18.0 || >=16.0.0"
      },
      "peerDependencies": {
        "vite": "^4.2.0 || ^5.0.0 || ^6.0.0 || ^7.0.0"
      }
    },
    "../../node_modules/.pnpm/clsx@2.1.1/node_modules/clsx": {
      "version": "2.1.1",
      "license": "MIT",
      "devDependencies": {
        "esm": "3.2.25",
        "terser": "4.8.0",
        "uvu": "0.5.4"
      },
      "engines": {
        "node": ">=6"
      }
    },
    "../../node_modules/.pnpm/cmdk@1.1.1_@types+react-dom@19.2.3_@types+react@19.2.14__@types+react@19.2.14_react-dom@19.2._zbme7hro5frttyjqxoghj6pkru/node_modules/cmdk": {
      "version": "1.1.1",
      "license": "MIT",
      "dependencies": {
        "@radix-ui/react-compose-refs": "^1.1.1",
        "@radix-ui/react-dialog": "^1.1.6",
        "@radix-ui/react-id": "^1.1.0",
        "@radix-ui/react-primitive": "^2.0.2"
      },
      "devDependencies": {
        "@types/react": "18.0.15"
      },
      "peerDependencies": {
        "react": "^18 || ^19 || ^19.0.0-rc",
        "react-dom": "^18 || ^19 || ^19.0.0-rc"
      }
    },
    "../../node_modules/.pnpm/date-fns@4.1.0/node_modules/date-fns": {
      "version": "4.1.0",
      "license": "MIT",
      "devDependencies": {
        "@arethetypeswrong/cli": "^0.16.2",
        "@babel/cli": "^7.22.10",
        "@babel/core": "^7.22.10",
        "@babel/preset-env": "^7.22.10",
        "@babel/preset-typescript": "^7.22.5",
        "@date-fns/docs": "^0.38.0",
        "@date-fns/tz": "^1.0.2",
        "@date-fns/utc": "^1.2.0",
        "@octokit/core": "^3.2.5",
        "@size-limit/esbuild": "^11.0.1",
        "@size-limit/file": "^11.0.1",
        "@types/bun": "^1.1.9",
        "@types/lodash": "^4.14.202",
        "@types/node": "^20.14.2",
        "@types/sinon": "^9.0.6",
        "@typescript-eslint/eslint-plugin": "^8.5.0",
        "@typescript-eslint/parser": "^8.5.0",
        "@vitest/browser": "^1.3.1",
        "@vitest/coverage-v8": "^1.3.1",
        "babel-plugin-replace-import-extension": "^1.1.4",
        "bun": "^1.1.27",
        "cloc": "^2.2.0",
        "coveralls": "^3.1.1",
        "eslint": "^9.10.0",
        "firebase": "^3.7.1",
        "fp-ts": "^2.16.2",
        "js-fns": "^2.5.1",
        "jscodeshift": "^0.15.2",
        "lodash": "^4.17.21",
        "playwright": "^1.40.1",
        "prettier": "^3.1.0",
        "simple-git": "^2.35.2",
        "sinon": "^7.4.1",
        "size-limit": "^11.0.1",
        "tsx": "^4.6.1",
        "typedoc": "^0.26.7",
        "typedoc-plugin-missing-exports": "^3.0.0",
        "typescript": "^5.4.5",
        "vitest": "^1.3.1"
      },
      "funding": {
        "type": "github",
        "url": "https://github.com/sponsors/kossnocorp"
      }
    },
    "../../node_modules/.pnpm/lucide-react@0.577.0_react@19.2.4/node_modules/lucide-react": {
      "version": "0.577.0",
      "license": "ISC",
      "devDependencies": {
        "@lucide/build-icons": "1.1.0",
        "@lucide/rollup-plugins": "1.0.0",
        "@lucide/shared": "1.0.0",
        "@testing-library/jest-dom": "^6.8.0",
        "@testing-library/react": "^14.1.2",
        "@types/react": "^18.2.37",
        "@vitejs/plugin-react": "^4.4.1",
        "jest-serializer-html": "^7.1.0",
        "react": "18.2.0",
        "react-dom": "18.2.0",
        "rollup": "^4.59.0",
        "rollup-plugin-dts": "^6.2.3",
        "rollup-plugin-preserve-directives": "^0.4.0",
        "typescript": "^5.8.3",
        "vite": "^7.2.4",
        "vitest": "^4.0.12"
      },
      "peerDependencies": {
        "react": "^16.5.1 || ^17.0.0 || ^18.0.0 || ^19.0.0"
      }
    },
    "../../node_modules/.pnpm/nuqs@2.8.9_react-router@7.13.1_react-dom@19.2.4_react@19.2.4__react@19.2.4__react@19.2.4/node_modules/nuqs": {
      "version": "2.8.9",
      "license": "MIT",
      "dependencies": {
        "@standard-schema/spec": "1.0.0"
      },
      "devDependencies": {
        "@remix-run/react": "^2.17.4",
        "@size-limit/preset-small-lib": "^12.0.0",
        "@types/node": "^24.10.10",
        "@types/react": "catalog:react19",
        "@types/react-dom": "catalog:react19",
        "@vitejs/plugin-react": "^5.1.3",
        "@vitest/browser-playwright": "^4.0.18",
        "@vitest/coverage-v8": "^4.0.18",
        "arktype": "^2.1.29",
        "fast-check": "^4.5.3",
        "next": "catalog:next",
        "playwright": "catalog:e2e",
        "react": "catalog:react19",
        "react-dom": "catalog:react19",
        "react-router-dom": "6.30.3",
        "size-limit": "^12.0.0",
        "tsdown": "^0.20.1",
        "typescript": "^5.9.3",
        "valibot": "^1.2.0",
        "vitest": "^4.0.18",
        "vitest-browser-react": "2.0.4",
        "vitest-package-exports": "^1.1.2",
        "zod": "^4.3.6"
      },
      "funding": {
        "url": "https://github.com/sponsors/franky47"
      },
      "peerDependencies": {
        "@remix-run/react": ">=2",
        "@tanstack/react-router": "^1",
        "next": ">=14.2.0",
        "react": ">=18.2.0 || ^19.0.0-0",
        "react-router": "^5 || ^6 || ^7",
        "react-router-dom": "^5 || ^6 || ^7"
      },
      "peerDependenciesMeta": {
        "@remix-run/react": {
          "optional": true
        },
        "@tanstack/react-router": {
          "optional": true
        },
        "next": {
          "optional": true
        },
        "react-router": {
          "optional": true
        },
        "react-router-dom": {
          "optional": true
        }
      }
    },
    "../../node_modules/.pnpm/react-dom@19.2.4_react@19.2.4/node_modules/react-dom": {
      "version": "19.2.4",
      "license": "MIT",
      "dependencies": {
        "scheduler": "^0.27.0"
      },
      "peerDependencies": {
        "react": "^19.2.4"
      }
    },
    "../../node_modules/.pnpm/react-router@7.13.1_react-dom@19.2.4_react@19.2.4__react@19.2.4/node_modules/react-router": {
      "version": "7.13.1",
      "license": "MIT",
      "dependencies": {
        "cookie": "^1.0.1",
        "set-cookie-parser": "^2.6.0"
      },
      "devDependencies": {
        "@testing-library/jest-dom": "^6.6.3",
        "@testing-library/react": "^16.3.0",
        "@testing-library/user-event": "^14.6.1",
        "@types/set-cookie-parser": "^2.4.1",
        "jest-environment-jsdom": "^29.6.2",
        "premove": "^4.0.0",
        "react": "^19.2.3",
        "react-dom": "^19.2.3",
        "react-test-renderer": "^19.1.0",
        "tsup": "^8.3.0",
        "typescript": "^5.4.5",
        "undici": "^6.19.2",
        "wireit": "0.14.9"
      },
      "engines": {
        "node": ">=20.0.0"
      },
      "peerDependencies": {
        "react": ">=18",
        "react-dom": ">=18"
      },
      "peerDependenciesMeta": {
        "react-dom": {
          "optional": true
        }
      }
    },
    "../../node_modules/.pnpm/react@19.2.4/node_modules/react": {
      "version": "19.2.4",
      "license": "MIT",
      "engines": {
        "node": ">=0.10.0"
      }
    },
    "../../node_modules/.pnpm/recharts@2.15.4_react-dom@19.2.4_react@19.2.4__react@19.2.4/node_modules/recharts": {
      "version": "2.15.4",
      "license": "MIT",
      "dependencies": {
        "clsx": "^2.0.0",
        "eventemitter3": "^4.0.1",
        "lodash": "^4.17.21",
        "react-is": "^18.3.1",
        "react-smooth": "^4.0.4",
        "recharts-scale": "^0.4.4",
        "tiny-invariant": "^1.3.1",
        "victory-vendor": "^36.6.8"
      },
      "devDependencies": {
        "@babel/cli": "^7.23.0",
        "@babel/core": "^7.23.2",
        "@babel/plugin-proposal-export-default-from": "^7.22.17",
        "@babel/plugin-proposal-function-bind": "^7.22.5",
        "@babel/plugin-transform-runtime": "^7.23.2",
        "@babel/preset-env": "^7.23.2",
        "@babel/preset-react": "^7.22.15",
        "@babel/preset-typescript": "^7.23.2",
        "@babel/runtime": "^7.27.6",
        "@storybook/addon-a11y": "^8.1.2",
        "@storybook/addon-docs": "^8.1.2",
        "@storybook/addon-essentials": "^8.1.2",
        "@storybook/addon-interactions": "^8.1.2",
        "@storybook/addon-links": "^8.1.2",
        "@storybook/addon-mdx-gfm": "^8.1.2",
        "@storybook/addon-storysource": "^8.1.2",
        "@storybook/addon-webpack5-compiler-swc": "^1.0.2",
        "@storybook/manager-api": "^8.1.2",
        "@storybook/react": "^8.1.2",
        "@storybook/react-webpack5": "^8.1.2",
        "@storybook/source-loader": "^8.1.2",
        "@storybook/test-runner": "^0.18.0",
        "@storybook/theming": "^8.1.2",
        "@testing-library/jest-dom": "^6.4.5",
        "@testing-library/react": "^15.0.7",
        "@testing-library/user-event": "^14.5.2",
        "@types/d3-interpolate": "^3.0.1",
        "@types/d3-shape": "^3.1.0",
        "@types/d3-time-format": "^4.0.0",
        "@types/lodash": "^4.14.144",
        "@types/node": "^14.18.34",
        "@types/react": "^18.3.3",
        "@types/react-dom": "^18.3.0",
        "@types/react-is": "^18.3.0",
        "@types/react-router-dom": "^5.1.7",
        "@typescript-eslint/eslint-plugin": "^4.33.0",
        "@typescript-eslint/parser": "^4.33.0",
        "@vitejs/plugin-react": "^4.0.4",
        "@vitest/coverage-v8": "^0.34.6",
        "babel-loader": "^9.1.3",
        "babel-plugin-dev-expression": "^0.2.3",
        "babel-plugin-lodash": "^3.3.4",
        "browserslist": "^4.21.0",
        "chromatic": "^11.4.0",
        "concurrently": "^7.6.0",
        "cross-env": "^7.0.3",
        "d3-scale-chromatic": "^3.0.0",
        "d3-time": "^3.1.0",
        "d3-time-format": "^4.1.0",
        "eslint": "^7.32.0",
        "eslint-config-airbnb": "^18.2.1",
        "eslint-config-prettier": "^7.2.0",
        "eslint-plugin-import": "^2.26.0",
        "eslint-plugin-jsx-a11y": "^6.6.1",
        "eslint-plugin-prettier": "^3.1.2",
        "eslint-plugin-react": "^7.31.11",
        "eslint-plugin-react-hooks": "^4.6.0",
        "eslint-plugin-storybook": "^0.6.15",
        "husky": "^8.0.2",
        "jsdom": "^22.1.0",
        "lint-staged": "^13.2.2",
        "prettier": "^2.2.1",
        "react": "^18.3.1",
        "react-dom": "^18.3.1",
        "react-router-dom": "^5.1.2",
        "rimraf": "^3.0.2",
        "storybook": "^8.1.2",
        "terser-webpack-plugin": "^5.1.1",
        "ts-loader": "^8.0.12",
        "typescript": "4.9.5",
        "update-browserslist-db": "^1.0.10",
        "vitest": "^0.34.5",
        "vitest-axe": "^0.1.0",
        "webpack": "^5.65.0",
        "webpack-bundle-analyzer": "^4.4.0",
        "webpack-cli": "^4.9.0",
        "webpack-dev-server": "^4.6.0"
      },
      "engines": {
        "node": ">=14"
      },
      "peerDependencies": {
        "react": "^16.0.0 || ^17.0.0 || ^18.0.0 || ^19.0.0",
        "react-dom": "^16.0.0 || ^17.0.0 || ^18.0.0 || ^19.0.0"
      }
    },
    "../../node_modules/.pnpm/tailwind-merge@2.6.1/node_modules/tailwind-merge": {
      "version": "2.6.1",
      "license": "MIT",
      "devDependencies": {
        "@babel/core": "^7.26.0",
        "@babel/preset-env": "^7.26.0",
        "@codspeed/vitest-plugin": "^4.0.0",
        "@rollup/plugin-babel": "^6.0.4",
        "@rollup/plugin-node-resolve": "^16.0.0",
        "@rollup/plugin-typescript": "^12.1.2",
        "@vitest/coverage-v8": "^2.1.8",
        "@vitest/eslint-plugin": "^1.1.22",
        "babel-plugin-annotate-pure-calls": "^0.4.0",
        "babel-plugin-polyfill-regenerator": "^0.6.3",
        "eslint": "^9.17.0",
        "eslint-plugin-import": "^2.31.0",
        "globby": "^11.1.0",
        "prettier": "^3.4.2",
        "rollup": "^4.29.1",
        "rollup-plugin-delete": "^2.1.0",
        "rollup-plugin-dts": "^6.1.1",
        "tslib": "^2.8.1",
        "typescript": "^5.7.2",
        "typescript-eslint": "^8.19.0",
        "vitest": "^2.1.8",
        "zx": "^8.3.0"
      },
      "funding": {
        "type": "github",
        "url": "https://github.com/sponsors/dcastil"
      }
    },
    "../../node_modules/.pnpm/tailwindcss@4.2.1/node_modules/tailwindcss": {
      "version": "4.2.1",
      "dev": true,
      "license": "MIT",
      "devDependencies": {
        "@jridgewell/remapping": "^2.3.5",
        "@tailwindcss/oxide": "^4.2.1",
        "@types/node": "^20.19.0",
        "dedent": "1.7.1",
        "lightningcss": "1.31.1",
        "magic-string": "^0.30.21",
        "source-map-js": "^1.2.1"
      }
    },
    "../../node_modules/.pnpm/typescript@5.9.3/node_modules/typescript": {
      "version": "5.9.3",
      "dev": true,
      "license": "Apache-2.0",
      "bin": {
        "tsc": "bin/tsc",
        "tsserver": "bin/tsserver"
      },
      "devDependencies": {
        "@dprint/formatter": "^0.4.1",
        "@dprint/typescript": "0.93.4",
        "@esfx/canceltoken": "^1.0.0",
        "@eslint/js": "^9.20.0",
        "@octokit/rest": "^21.1.1",
        "@types/chai": "^4.3.20",
        "@types/diff": "^7.0.1",
        "@types/minimist": "^1.2.5",
        "@types/mocha": "^10.0.10",
        "@types/ms": "^0.7.34",
        "@types/node": "latest",
        "@types/source-map-support": "^0.5.10",
        "@types/which": "^3.0.4",
        "@typescript-eslint/rule-tester": "^8.24.1",
        "@typescript-eslint/type-utils": "^8.24.1",
        "@typescript-eslint/utils": "^8.24.1",
        "azure-devops-node-api": "^14.1.0",
        "c8": "^10.1.3",
        "chai": "^4.5.0",
        "chokidar": "^4.0.3",
        "diff": "^7.0.0",
        "dprint": "^0.49.0",
        "esbuild": "^0.25.0",
        "eslint": "^9.20.1",
        "eslint-formatter-autolinkable-stylish": "^1.4.0",
        "eslint-plugin-regexp": "^2.7.0",
        "fast-xml-parser": "^4.5.2",
        "glob": "^10.4.5",
        "globals": "^15.15.0",
        "hereby": "^1.10.0",
        "jsonc-parser": "^3.3.1",
        "knip": "^5.44.4",
        "minimist": "^1.2.8",
        "mocha": "^10.8.2",
        "mocha-fivemat-progress-reporter": "^0.1.0",
        "monocart-coverage-reports": "^2.12.1",
        "ms": "^2.1.3",
        "picocolors": "^1.1.1",
        "playwright": "^1.50.1",
        "source-map-support": "^0.5.21",
        "tslib": "^2.8.1",
        "typescript": "^5.7.3",
        "typescript-eslint": "^8.24.1",
        "which": "^3.0.1"
      },
      "engines": {
        "node": ">=14.17"
      }
    },
    "../../node_modules/.pnpm/vite@6.4.1_@types+node@20.19.37_jiti@2.6.1_lightningcss@1.31.1_tsx@4.21.0_yaml@2.8.2/node_modules/vite": {
      "version": "6.4.1",
      "dev": true,
      "license": "MIT",
      "dependencies": {
        "esbuild": "^0.25.0",
        "fdir": "^6.4.4",
        "picomatch": "^4.0.2",
        "postcss": "^8.5.3",
        "rollup": "^4.34.9",
        "tinyglobby": "^0.2.13"
      },
      "bin": {
        "vite": "bin/vite.js"
      },
      "devDependencies": {
        "@ampproject/remapping": "^2.3.0",
        "@babel/parser": "^7.27.0",
        "@jridgewell/trace-mapping": "^0.3.25",
        "@polka/compression": "^1.0.0-next.25",
        "@rollup/plugin-alias": "^5.1.1",
        "@rollup/plugin-commonjs": "^28.0.3",
        "@rollup/plugin-dynamic-import-vars": "2.1.4",
        "@rollup/plugin-json": "^6.1.0",
        "@rollup/plugin-node-resolve": "16.0.1",
        "@rollup/pluginutils": "^5.1.4",
        "@types/escape-html": "^1.0.4",
        "@types/pnpapi": "^0.0.5",
        "artichokie": "^0.3.1",
        "cac": "^6.7.14",
        "chokidar": "^3.6.0",
        "connect": "^3.7.0",
        "convert-source-map": "^2.0.0",
        "cors": "^2.8.5",
        "cross-spawn": "^7.0.6",
        "debug": "^4.4.0",
        "dep-types": "link:./src/types",
        "dotenv": "^16.5.0",
        "dotenv-expand": "^12.0.2",
        "es-module-lexer": "^1.6.0",
        "escape-html": "^1.0.3",
        "estree-walker": "^3.0.3",
        "etag": "^1.8.1",
        "http-proxy": "^1.18.1",
        "launch-editor-middleware": "^2.10.0",
        "lightningcss": "^1.29.3",
        "magic-string": "^0.30.17",
        "mlly": "^1.7.4",
        "mrmime": "^2.0.1",
        "nanoid": "^5.1.5",
        "open": "^10.1.1",
        "parse5": "^7.2.1",
        "pathe": "^2.0.3",
        "periscopic": "^4.0.2",
        "picocolors": "^1.1.1",
        "postcss-import": "^16.1.0",
        "postcss-load-config": "^6.0.1",
        "postcss-modules": "^6.0.1",
        "resolve.exports": "^2.0.3",
        "rollup-plugin-dts": "^6.2.1",
        "rollup-plugin-esbuild": "^6.2.1",
        "rollup-plugin-license": "^3.6.0",
        "sass": "^1.86.3",
        "sass-embedded": "^1.86.3",
        "sirv": "^3.0.2",
        "source-map-support": "^0.5.21",
        "strip-literal": "^3.0.0",
        "terser": "^5.39.0",
        "tsconfck": "^3.1.5",
        "tslib": "^2.8.1",
        "types": "link:./types",
        "ufo": "^1.6.1",
        "ws": "^8.18.1"
      },
      "engines": {
        "node": "^18.0.0 || ^20.0.0 || >=22.0.0"
      },
      "funding": {
        "url": "https://github.com/vitejs/vite?sponsor=1"
      },
      "optionalDependencies": {
        "fsevents": "~2.3.3"
      },
      "peerDependencies": {
        "@types/node": "^18.0.0 || ^20.0.0 || >=22.0.0",
        "jiti": ">=1.21.0",
        "less": "*",
        "lightningcss": "^1.21.0",
        "sass": "*",
        "sass-embedded": "*",
        "stylus": "*",
        "sugarss": "*",
        "terser": "^5.16.0",
        "tsx": "^4.8.1",
        "yaml": "^2.4.2"
      },
      "peerDependenciesMeta": {
        "@types/node": {
          "optional": true
        },
        "jiti": {
          "optional": true
        },
        "less": {
          "optional": true
        },
        "lightningcss": {
          "optional": true
        },
        "sass": {
          "optional": true
        },
        "sass-embedded": {
          "optional": true
        },
        "stylus": {
          "optional": true
        },
        "sugarss": {
          "optional": true
        },
        "terser": {
          "optional": true
        },
        "tsx": {
          "optional": true
        },
        "yaml": {
          "optional": true
        }
      }
    },
    "../../node_modules/.pnpm/zod@3.25.76/node_modules/zod": {
      "version": "3.25.76",
      "license": "MIT",
      "funding": {
        "url": "https://github.com/sponsors/colinhacks"
      }
    },
    "node_modules/@radix-ui/react-checkbox": {
      "resolved": "../../node_modules/.pnpm/@radix-ui+react-checkbox@1.3.3_@types+react-dom@19.2.3_@types+react@19.2.14__@types+react@19._aum5rpydhlvj7moiq56s2hz3nu/node_modules/@radix-ui/react-checkbox",
      "link": true
    },
    "node_modules/@radix-ui/react-dialog": {
      "resolved": "../../node_modules/.pnpm/@radix-ui+react-dialog@1.1.15_@types+react-dom@19.2.3_@types+react@19.2.14__@types+react@19.2_pgsc3zoflmqylo7gtpmb22hihi/node_modules/@radix-ui/react-dialog",
      "link": true
    },
    "node_modules/@radix-ui/react-dropdown-menu": {
      "resolved": "../../node_modules/.pnpm/@radix-ui+react-dropdown-menu@2.1.16_@types+react-dom@19.2.3_@types+react@19.2.14__@types+rea_a74ndzomfk63uy27aimpelwkhe/node_modules/@radix-ui/react-dropdown-menu",
      "link": true
    },
    "node_modules/@radix-ui/react-popover": {
      "resolved": "../../node_modules/.pnpm/@radix-ui+react-popover@1.1.15_@types+react-dom@19.2.3_@types+react@19.2.14__@types+react@19._ewf4ywyp2lui3vsotmivefelci/node_modules/@radix-ui/react-popover",
      "link": true
    },
    "node_modules/@radix-ui/react-select": {
      "resolved": "../../node_modules/.pnpm/@radix-ui+react-select@2.2.6_@types+react-dom@19.2.3_@types+react@19.2.14__@types+react@19.2._yk2kwqoyrbgotax4mohvdf5u6i/node_modules/@radix-ui/react-select",
      "link": true
    },
    "node_modules/@radix-ui/react-separator": {
      "resolved": "../../node_modules/.pnpm/@radix-ui+react-separator@1.1.8_@types+react-dom@19.2.3_@types+react@19.2.14__@types+react@19_sl4zimw3kghzyqufg72uzwqxlu/node_modules/@radix-ui/react-separator",
      "link": true
    },
    "node_modules/@radix-ui/react-slot": {
      "resolved": "../../node_modules/.pnpm/@radix-ui+react-slot@1.2.4_@types+react@19.2.14_react@19.2.4/node_modules/@radix-ui/react-slot",
      "link": true
    },
    "node_modules/@radix-ui/react-tooltip": {
      "resolved": "../../node_modules/.pnpm/@radix-ui+react-tooltip@1.2.8_@types+react-dom@19.2.3_@types+react@19.2.14__@types+react@19.2_epe5fhykm53ijss2cmfhetitdu/node_modules/@radix-ui/react-tooltip",
      "link": true
    },
    "node_modules/@tailwindcss/vite": {
      "resolved": "../../node_modules/.pnpm/@tailwindcss+vite@4.2.1_vite@6.4.1_@types+node@20.19.37_jiti@2.6.1_lightningcss@1.31.1_tsx@4.21.0_yaml@2.8.2_/node_modules/@tailwindcss/vite",
      "link": true
    },
    "node_modules/@tanstack/react-query": {
      "resolved": "../../node_modules/.pnpm/@tanstack+react-query@5.90.21_react@19.2.4/node_modules/@tanstack/react-query",
      "link": true
    },
    "node_modules/@tanstack/react-table": {
      "resolved": "../../node_modules/.pnpm/@tanstack+react-table@8.21.3_react-dom@19.2.4_react@19.2.4__react@19.2.4/node_modules/@tanstack/react-table",
      "link": true
    },
    "node_modules/@types/react": {
      "resolved": "../../node_modules/.pnpm/@types+react@19.2.14/node_modules/@types/react",
      "link": true
    },
    "node_modules/@types/react-dom": {
      "resolved": "../../node_modules/.pnpm/@types+react-dom@19.2.3_@types+react@19.2.14/node_modules/@types/react-dom",
      "link": true
    },
    "node_modules/@vitejs/plugin-react": {
      "resolved": "../../node_modules/.pnpm/@vitejs+plugin-react@4.7.0_vite@6.4.1_@types+node@20.19.37_jiti@2.6.1_lightningcss@1.31.1_tsx@4.21.0_yaml@2.8.2_/node_modules/@vitejs/plugin-react",
      "link": true
    },
    "node_modules/clsx": {
      "resolved": "../../node_modules/.pnpm/clsx@2.1.1/node_modules/clsx",
      "link": true
    },
    "node_modules/cmdk": {
      "resolved": "../../node_modules/.pnpm/cmdk@1.1.1_@types+react-dom@19.2.3_@types+react@19.2.14__@types+react@19.2.14_react-dom@19.2._zbme7hro5frttyjqxoghj6pkru/node_modules/cmdk",
      "link": true
    },
    "node_modules/date-fns": {
      "resolved": "../../node_modules/.pnpm/date-fns@4.1.0/node_modules/date-fns",
      "link": true
    },
    "node_modules/lucide-react": {
      "resolved": "../../node_modules/.pnpm/lucide-react@0.577.0_react@19.2.4/node_modules/lucide-react",
      "link": true
    },
    "node_modules/nuqs": {
      "resolved": "../../node_modules/.pnpm/nuqs@2.8.9_react-router@7.13.1_react-dom@19.2.4_react@19.2.4__react@19.2.4__react@19.2.4/node_modules/nuqs",
      "link": true
    },
    "node_modules/react": {
      "resolved": "../../node_modules/.pnpm/react@19.2.4/node_modules/react",
      "link": true
    },
    "node_modules/react-dom": {
      "resolved": "../../node_modules/.pnpm/react-dom@19.2.4_react@19.2.4/node_modules/react-dom",
      "link": true
    },
    "node_modules/react-router": {
      "resolved": "../../node_modules/.pnpm/react-router@7.13.1_react-dom@19.2.4_react@19.2.4__react@19.2.4/node_modules/react-router",
      "link": true
    },
    "node_modules/recharts": {
      "resolved": "../../node_modules/.pnpm/recharts@2.15.4_react-dom@19.2.4_react@19.2.4__react@19.2.4/node_modules/recharts",
      "link": true
    },
    "node_modules/tailwind-merge": {
      "resolved": "../../node_modules/.pnpm/tailwind-merge@2.6.1/node_modules/tailwind-merge",
      "link": true
    },
    "node_modules/tailwindcss": {
      "resolved": "../../node_modules/.pnpm/tailwindcss@4.2.1/node_modules/tailwindcss",
      "link": true
    },
    "node_modules/typescript": {
      "resolved": "../../node_modules/.pnpm/typescript@5.9.3/node_modules/typescript",
      "link": true
    },
    "node_modules/vite": {
      "resolved": "../../node_modules/.pnpm/vite@6.4.1_@types+node@20.19.37_jiti@2.6.1_lightningcss@1.31.1_tsx@4.21.0_yaml@2.8.2/node_modules/vite",
      "link": true
    },
    "node_modules/zod": {
      "resolved": "../../node_modules/.pnpm/zod@3.25.76/node_modules/zod",
      "link": true
    }
  }
}
